{
  "name": "package-utils",
  "version": "1.0.0",
  "lockfileVersion": 2,
  "requires": true,
  "packages": {
    "": {
      "name": "package-utils",
      "version": "1.0.0",
      "license": "ISC",
      "dependencies": {
        "@zbm1/eventemitter": "^1.3.3",
        "@zbm1/uuid": "^0.1.0",
        "dot": "^1.1.3"
      }
    },
    "node_modules/@zbm1/eventemitter": {
      "version": "1.3.3",
      "resolved": "https://registry.npmjs.org/@zbm1/eventemitter/-/eventemitter-1.3.3.tgz",
      "integrity": "sha512-5+n9SJpAJ9pvcHC5nctSAXRuyM0p6Qvja7E1WRca+F+M8xeMRX5G6FP/iCXvhGM6HnfJwYOCEqc0mirU38uxnw=="
    },
    "node_modules/@zbm1/uuid": {
      "version": "0.1.0",
      "resolved": "https://registry.npmjs.org/@zbm1/uuid/-/uuid-0.1.0.tgz",
      "integrity": "sha512-cNVYXSoTPyEjCdOvlXVwWoXN6ESqmxjXmQtZ68EhQOxFlb0tzkwOnPX6FH7yIdyHx4Axdtm003yIjRR8kufeog=="
    },
    "node_modules/dot": {
      "version": "1.1.3",
      "resolved": "https://registry.npmjs.org/dot/-/dot-1.1.3.tgz",
      "integrity": "sha512-/nt74Rm+PcfnirXGEdhZleTwGC2LMnuKTeeTIlI82xb5loBBoXNYzr2ezCroPSMtilK8EZIfcNZwOcHN+ib1Lg==",
      "engines": [
        "node >=0.2.6"
      ],
      "bin": {
        "dottojs": "bin/dot-packer"
      }
    }
  },
  "dependencies": {
    "@zbm1/eventemitter": {
      "version": "1.3.3",
      "resolved": "https://registry.npmjs.org/@zbm1/eventemitter/-/eventemitter-1.3.3.tgz",
      "integrity": "sha512-5+n9SJpAJ9pvcHC5nctSAXRuyM0p6Qvja7E1WRca+F+M8xeMRX5G6FP/iCXvhGM6HnfJwYOCEqc0mirU38uxnw=="
    },
    "@zbm1/uuid": {
      "version": "0.1.0",
      "resolved": "https://registry.npmjs.org/@zbm1/uuid/-/uuid-0.1.0.tgz",
      "integrity": "sha512-cNVYXSoTPyEjCdOvlXVwWoXN6ESqmxjXmQtZ68EhQOxFlb0tzkwOnPX6FH7yIdyHx4Axdtm003yIjRR8kufeog=="
    },
    "dot": {
      "version": "1.1.3",
      "resolved": "https://registry.npmjs.org/dot/-/dot-1.1.3.tgz",
      "integrity": "sha512-/nt74Rm+PcfnirXGEdhZleTwGC2LMnuKTeeTIlI82xb5loBBoXNYzr2ezCroPSMtilK8EZIfcNZwOcHN+ib1Lg=="
    }
  }
}
